
Microsoft Visual Studio Solution File, Format Version 12.00
# Visual Studio Version 16
VisualStudioVersion = 16.0.29613.14
MinimumVisualStudioVersion = 10.0.40219.1
Project("{FAE04EC0-301F-11D3-BF4B-00C04F79EFBC}") = "wstat_tests", "wstat_tests.csproj", "{7F8B25BE-4191-4890-BF42-D7ED0198E24B}"
EndProject
Global
	GlobalSection(SolutionConfigurationPlatforms) = preSolution
		Debug|Any CPU = Debug|Any CPU
		Release|Any CPU = Release|Any CPU
	EndGlobalSection
	GlobalSection(ProjectConfigurationPlatforms) = postSolution
		{7F8B25BE-4191-4890-BF42-D7ED0198E24B}.Debug|Any CPU.ActiveCfg = Debug|Any CPU
		{7F8B25BE-4191-4890-BF42-D7ED0198E24B}.Debug|Any CPU.Build.0 = Debug|Any CPU
		{7F8B25BE-4191-4890-BF42-D7ED0198E24B}.Release|Any CPU.ActiveCfg = Release|Any CPU
		{7F8B25BE-4191-4890-BF42-D7ED0198E24B}.Release|Any CPU.Build.0 = Release|Any CPU
	EndGlobalSection
	GlobalSection(SolutionProperties) = preSolution
		HideSolutionNode = FALSE
	EndGlobalSection
	GlobalSection(ExtensibilityGlobals) = postSolution
		SolutionGuid = {59336232-5269-445F-AC10-D1600A0A2912}
	EndGlobalSection
EndGlobal
